
Microsoft Visual Studio Solution File, Format Version 12.00
# Visual Studio Version 16
VisualStudioVersion = 16.0.33328.57
MinimumVisualStudioVersion = 10.0.40219.1
Project("{FAE04EC0-301F-11D3-BF4B-00C04F79EFBC}") = "StockTradingApplication", "StockTradingApplication\StockTradingApplication.csproj", "{5E1B7C63-1FF8-41C9-BBAE-6D2EF36B7893}"
EndProject
Global
	GlobalSection(SolutionConfigurationPlatforms) = preSolution
		Debug|Any CPU = Debug|Any CPU
		Release|Any CPU = Release|Any CPU
	EndGlobalSection
	GlobalSection(ProjectConfigurationPlatforms) = postSolution
		{5E1B7C63-1FF8-41C9-BBAE-6D2EF36B7893}.Debug|Any CPU.ActiveCfg = Debug|Any CPU
		{5E1B7C63-1FF8-41C9-BBAE-6D2EF36B7893}.Debug|Any CPU.Build.0 = Debug|Any CPU
		{5E1B7C63-1FF8-41C9-BBAE-6D2EF36B7893}.Release|Any CPU.ActiveCfg = Release|Any CPU
		{5E1B7C63-1FF8-41C9-BBAE-6D2EF36B7893}.Release|Any CPU.Build.0 = Release|Any CPU
	EndGlobalSection
	GlobalSection(SolutionProperties) = preSolution
		HideSolutionNode = FALSE
	EndGlobalSection
	GlobalSection(ExtensibilityGlobals) = postSolution
		SolutionGuid = {BB3BE04C-F7BE-499A-96A4-EECB871039A6}
	EndGlobalSection
EndGlobal
